
Microsoft Visual Studio Solution File, Format Version 12.00
# Visual Studio Version 16
VisualStudioVersion = 16.0.29209.152
MinimumVisualStudioVersion = 10.0.40219.1
Project("{9A19103F-16F7-4668-BE54-9A1E7A4F7556}") = "Golmodoth", "Golmodoth\Golmodoth.csproj", "{8325CDB1-E46A-4AB5-BAE0-26B49415645A}"
EndProject
Project("{FAE04EC0-301F-11D3-BF4B-00C04F79EFBC}") = "ConsoleGameEngine", "ConsoleGameEngine\Source\ConsoleGameEngine.csproj", "{7AF47A03-FABF-458B-BE6F-4F8BEF89A7E6}"
EndProject
Project("{9A19103F-16F7-4668-BE54-9A1E7A4F7556}") = "LionLibrary", "LionLibrary\LionLibrary\LionLibrary.csproj", "{C670D45E-8091-4753-BB84-4C6853B7C558}"
EndProject
Project("{FAE04EC0-301F-11D3-BF4B-00C04F79EFBC}") = "SharedGolmodoth", "SharedGolmodoth\SharedGolmodoth.csproj", "{D8A1E0F1-B617-486A-B67F-0BC47CBEF786}"
EndProject
Global
	GlobalSection(SolutionConfigurationPlatforms) = preSolution
		Debug|Any CPU = Debug|Any CPU
		Release|Any CPU = Release|Any CPU
	EndGlobalSection
	GlobalSection(ProjectConfigurationPlatforms) = postSolution
		{8325CDB1-E46A-4AB5-BAE0-26B49415645A}.Debug|Any CPU.ActiveCfg = Debug|Any CPU
		{8325CDB1-E46A-4AB5-BAE0-26B49415645A}.Debug|Any CPU.Build.0 = Debug|Any CPU
		{8325CDB1-E46A-4AB5-BAE0-26B49415645A}.Release|Any CPU.ActiveCfg = Release|Any CPU
		{8325CDB1-E46A-4AB5-BAE0-26B49415645A}.Release|Any CPU.Build.0 = Release|Any CPU
		{7AF47A03-FABF-458B-BE6F-4F8BEF89A7E6}.Debug|Any CPU.ActiveCfg = Debug|Any CPU
		{7AF47A03-FABF-458B-BE6F-4F8BEF89A7E6}.Debug|Any CPU.Build.0 = Debug|Any CPU
		{7AF47A03-FABF-458B-BE6F-4F8BEF89A7E6}.Release|Any CPU.ActiveCfg = Release|Any CPU
		{7AF47A03-FABF-458B-BE6F-4F8BEF89A7E6}.Release|Any CPU.Build.0 = Release|Any CPU
		{C670D45E-8091-4753-BB84-4C6853B7C558}.Debug|Any CPU.ActiveCfg = Debug|Any CPU
		{C670D45E-8091-4753-BB84-4C6853B7C558}.Debug|Any CPU.Build.0 = Debug|Any CPU
		{C670D45E-8091-4753-BB84-4C6853B7C558}.Release|Any CPU.ActiveCfg = Release|Any CPU
		{C670D45E-8091-4753-BB84-4C6853B7C558}.Release|Any CPU.Build.0 = Release|Any CPU
		{D8A1E0F1-B617-486A-B67F-0BC47CBEF786}.Debug|Any CPU.ActiveCfg = Debug|Any CPU
		{D8A1E0F1-B617-486A-B67F-0BC47CBEF786}.Debug|Any CPU.Build.0 = Debug|Any CPU
		{D8A1E0F1-B617-486A-B67F-0BC47CBEF786}.Release|Any CPU.ActiveCfg = Release|Any CPU
		{D8A1E0F1-B617-486A-B67F-0BC47CBEF786}.Release|Any CPU.Build.0 = Release|Any CPU
	EndGlobalSection
	GlobalSection(SolutionProperties) = preSolution
		HideSolutionNode = FALSE
	EndGlobalSection
	GlobalSection(ExtensibilityGlobals) = postSolution
		SolutionGuid = {71CCD762-4D9B-4F75-95CE-8569B08BF412}
	EndGlobalSection
EndGlobal
